
Microsoft Visual Studio Solution File, Format Version 12.00
# Visual Studio Version 17
VisualStudioVersion = 17.3.32901.215
MinimumVisualStudioVersion = 10.0.40219.1
Project("{FAE04EC0-301F-11D3-BF4B-00C04F79EFBC}") = "LanchesMvc", "LanchesMvc\LanchesMvc.csproj", "{58709606-7A13-4C36-B15A-C8AB9493493C}"
EndProject
Global
	GlobalSection(SolutionConfigurationPlatforms) = preSolution
		Debug|Any CPU = Debug|Any CPU
		Release|Any CPU = Release|Any CPU
	EndGlobalSection
	GlobalSection(ProjectConfigurationPlatforms) = postSolution
		{58709606-7A13-4C36-B15A-C8AB9493493C}.Debug|Any CPU.ActiveCfg = Debug|Any CPU
		{58709606-7A13-4C36-B15A-C8AB9493493C}.Debug|Any CPU.Build.0 = Debug|Any CPU
		{58709606-7A13-4C36-B15A-C8AB9493493C}.Release|Any CPU.ActiveCfg = Release|Any CPU
		{58709606-7A13-4C36-B15A-C8AB9493493C}.Release|Any CPU.Build.0 = Release|Any CPU
	EndGlobalSection
	GlobalSection(SolutionProperties) = preSolution
		HideSolutionNode = FALSE
	EndGlobalSection
	GlobalSection(ExtensibilityGlobals) = postSolution
		SolutionGuid = {943A7A05-99ED-4B44-B243-6FE1A592D5E6}
	EndGlobalSection
EndGlobal
